
Microsoft Visual Studio Solution File, Format Version 12.00
# Visual Studio Version 17
VisualStudioVersion = 17.3.32922.545
MinimumVisualStudioVersion = 10.0.40219.1
Project("{9A19103F-16F7-4668-BE54-9A1E7A4F7556}") = "pruebas", "pruebas\pruebas.csproj", "{6A55408C-3252-46D5-9817-2B810F8F48D4}"
EndProject
Global
	GlobalSection(SolutionConfigurationPlatforms) = preSolution
		1|Any CPU = 1|Any CPU
		Debug|Any CPU = Debug|Any CPU
		Release|Any CPU = Release|Any CPU
	EndGlobalSection
	GlobalSection(ProjectConfigurationPlatforms) = postSolution
		{6A55408C-3252-46D5-9817-2B810F8F48D4}.1|Any CPU.ActiveCfg = Release|Any CPU
		{6A55408C-3252-46D5-9817-2B810F8F48D4}.1|Any CPU.Build.0 = Release|Any CPU
		{6A55408C-3252-46D5-9817-2B810F8F48D4}.Debug|Any CPU.ActiveCfg = Debug|Any CPU
		{6A55408C-3252-46D5-9817-2B810F8F48D4}.Debug|Any CPU.Build.0 = Debug|Any CPU
		{6A55408C-3252-46D5-9817-2B810F8F48D4}.Release|Any CPU.ActiveCfg = Debug|Any CPU
		{6A55408C-3252-46D5-9817-2B810F8F48D4}.Release|Any CPU.Build.0 = Debug|Any CPU
	EndGlobalSection
	GlobalSection(SolutionProperties) = preSolution
		HideSolutionNode = FALSE
	EndGlobalSection
	GlobalSection(ExtensibilityGlobals) = postSolution
		SolutionGuid = {5B4497E6-E162-4ED7-86D7-375CFADB97C1}
	EndGlobalSection
EndGlobal
